
Microsoft Visual Studio Solution File, Format Version 12.00
# Visual Studio Version 16
VisualStudioVersion = 16.0.30002.166
MinimumVisualStudioVersion = 10.0.40219.1
Project("{FAE04EC0-301F-11D3-BF4B-00C04F79EFBC}") = "SloppyJoe", "SloppyJoe\SloppyJoe.csproj", "{DB12C4ED-3B5C-4247-8B96-15B39EEB23F1}"
EndProject
Global
	GlobalSection(SolutionConfigurationPlatforms) = preSolution
		Debug|Any CPU = Debug|Any CPU
		Release|Any CPU = Release|Any CPU
	EndGlobalSection
	GlobalSection(ProjectConfigurationPlatforms) = postSolution
		{DB12C4ED-3B5C-4247-8B96-15B39EEB23F1}.Debug|Any CPU.ActiveCfg = Debug|Any CPU
		{DB12C4ED-3B5C-4247-8B96-15B39EEB23F1}.Debug|Any CPU.Build.0 = Debug|Any CPU
		{DB12C4ED-3B5C-4247-8B96-15B39EEB23F1}.Release|Any CPU.ActiveCfg = Release|Any CPU
		{DB12C4ED-3B5C-4247-8B96-15B39EEB23F1}.Release|Any CPU.Build.0 = Release|Any CPU
	EndGlobalSection
	GlobalSection(SolutionProperties) = preSolution
		HideSolutionNode = FALSE
	EndGlobalSection
	GlobalSection(ExtensibilityGlobals) = postSolution
		SolutionGuid = {AD95BF96-6BA0-4DDC-AB62-50D4A379F105}
	EndGlobalSection
EndGlobal
