
Microsoft Visual Studio Solution File, Format Version 12.00
# Visual Studio Version 16
VisualStudioVersion = 16.0.30621.155
MinimumVisualStudioVersion = 10.0.40219.1
Project("{FAE04EC0-301F-11D3-BF4B-00C04F79EFBC}") = "PoolPuzzle", "PoolPuzzle\PoolPuzzle.csproj", "{F2AC08A8-B835-43D2-9BCB-E351F1000D32}"
EndProject
Global
	GlobalSection(SolutionConfigurationPlatforms) = preSolution
		Debug|Any CPU = Debug|Any CPU
		Release|Any CPU = Release|Any CPU
	EndGlobalSection
	GlobalSection(ProjectConfigurationPlatforms) = postSolution
		{F2AC08A8-B835-43D2-9BCB-E351F1000D32}.Debug|Any CPU.ActiveCfg = Debug|Any CPU
		{F2AC08A8-B835-43D2-9BCB-E351F1000D32}.Debug|Any CPU.Build.0 = Debug|Any CPU
		{F2AC08A8-B835-43D2-9BCB-E351F1000D32}.Release|Any CPU.ActiveCfg = Release|Any CPU
		{F2AC08A8-B835-43D2-9BCB-E351F1000D32}.Release|Any CPU.Build.0 = Release|Any CPU
	EndGlobalSection
	GlobalSection(SolutionProperties) = preSolution
		HideSolutionNode = FALSE
	EndGlobalSection
	GlobalSection(ExtensibilityGlobals) = postSolution
		SolutionGuid = {C498EDDE-04B4-4DAC-9012-49C013832961}
	EndGlobalSection
EndGlobal
