
Microsoft Visual Studio Solution File, Format Version 12.00
# Visual Studio Version 16
VisualStudioVersion = 16.0.30503.244
MinimumVisualStudioVersion = 10.0.40219.1
Project("{FAE04EC0-301F-11D3-BF4B-00C04F79EFBC}") = "MyFirstConsoleApp", "MyFirstConsoleApp\MyFirstConsoleApp.csproj", "{36F02332-481C-4FE0-96E2-4E15D7B173B0}"
EndProject
Global
	GlobalSection(SolutionConfigurationPlatforms) = preSolution
		Debug|Any CPU = Debug|Any CPU
		Release|Any CPU = Release|Any CPU
	EndGlobalSection
	GlobalSection(ProjectConfigurationPlatforms) = postSolution
		{36F02332-481C-4FE0-96E2-4E15D7B173B0}.Debug|Any CPU.ActiveCfg = Debug|Any CPU
		{36F02332-481C-4FE0-96E2-4E15D7B173B0}.Debug|Any CPU.Build.0 = Debug|Any CPU
		{36F02332-481C-4FE0-96E2-4E15D7B173B0}.Release|Any CPU.ActiveCfg = Release|Any CPU
		{36F02332-481C-4FE0-96E2-4E15D7B173B0}.Release|Any CPU.Build.0 = Release|Any CPU
	EndGlobalSection
	GlobalSection(SolutionProperties) = preSolution
		HideSolutionNode = FALSE
	EndGlobalSection
	GlobalSection(ExtensibilityGlobals) = postSolution
		SolutionGuid = {81494D17-14D3-4413-8938-BC966DA7EA46}
	EndGlobalSection
EndGlobal
