
Microsoft Visual Studio Solution File, Format Version 12.00
# Visual Studio Version 16
VisualStudioVersion = 16.0.30621.155
MinimumVisualStudioVersion = 10.0.40219.1
Project("{FAE04EC0-301F-11D3-BF4B-00C04F79EFBC}") = "MachineGunConsoleApp", "MachineGunConsoleApp\MachineGunConsoleApp.csproj", "{C17B1D88-0E9A-4A82-84C2-0EF70B2B251E}"
EndProject
Global
	GlobalSection(SolutionConfigurationPlatforms) = preSolution
		Debug|Any CPU = Debug|Any CPU
		Release|Any CPU = Release|Any CPU
	EndGlobalSection
	GlobalSection(ProjectConfigurationPlatforms) = postSolution
		{C17B1D88-0E9A-4A82-84C2-0EF70B2B251E}.Debug|Any CPU.ActiveCfg = Debug|Any CPU
		{C17B1D88-0E9A-4A82-84C2-0EF70B2B251E}.Debug|Any CPU.Build.0 = Debug|Any CPU
		{C17B1D88-0E9A-4A82-84C2-0EF70B2B251E}.Release|Any CPU.ActiveCfg = Release|Any CPU
		{C17B1D88-0E9A-4A82-84C2-0EF70B2B251E}.Release|Any CPU.Build.0 = Release|Any CPU
	EndGlobalSection
	GlobalSection(SolutionProperties) = preSolution
		HideSolutionNode = FALSE
	EndGlobalSection
	GlobalSection(ExtensibilityGlobals) = postSolution
		SolutionGuid = {5F4B2DB2-079A-439E-978E-E0CC26030610}
	EndGlobalSection
EndGlobal
