
Microsoft Visual Studio Solution File, Format Version 12.00
# Visual Studio Version 16
VisualStudioVersion = 16.0.30002.166
MinimumVisualStudioVersion = 10.0.40219.1
Project("{FAE04EC0-301F-11D3-BF4B-00C04F79EFBC}") = "BeehiveManagementSystem", "BeehiveManagementSystem\BeehiveManagementSystem.csproj", "{B7D4D8D1-0617-49FC-A177-F7063A1B46D6}"
EndProject
Global
	GlobalSection(SolutionConfigurationPlatforms) = preSolution
		Debug|Any CPU = Debug|Any CPU
		Release|Any CPU = Release|Any CPU
	EndGlobalSection
	GlobalSection(ProjectConfigurationPlatforms) = postSolution
		{B7D4D8D1-0617-49FC-A177-F7063A1B46D6}.Debug|Any CPU.ActiveCfg = Debug|Any CPU
		{B7D4D8D1-0617-49FC-A177-F7063A1B46D6}.Debug|Any CPU.Build.0 = Debug|Any CPU
		{B7D4D8D1-0617-49FC-A177-F7063A1B46D6}.Release|Any CPU.ActiveCfg = Release|Any CPU
		{B7D4D8D1-0617-49FC-A177-F7063A1B46D6}.Release|Any CPU.Build.0 = Release|Any CPU
	EndGlobalSection
	GlobalSection(SolutionProperties) = preSolution
		HideSolutionNode = FALSE
	EndGlobalSection
	GlobalSection(ExtensibilityGlobals) = postSolution
		SolutionGuid = {CE747977-470F-4910-AD0A-1681C73FA2B6}
	EndGlobalSection
EndGlobal
