
Microsoft Visual Studio Solution File, Format Version 12.00
# Visual Studio Version 16
VisualStudioVersion = 16.0.30621.155
MinimumVisualStudioVersion = 10.0.40219.1
Project("{FAE04EC0-301F-11D3-BF4B-00C04F79EFBC}") = "SwordDamage_WPF_Part_1", "SwordDamage_WPF_Part_1\SwordDamage_WPF_Part_1.csproj", "{D387F239-DF85-4ECB-B353-2F6DD4D0C58E}"
EndProject
Global
	GlobalSection(SolutionConfigurationPlatforms) = preSolution
		Debug|Any CPU = Debug|Any CPU
		Release|Any CPU = Release|Any CPU
	EndGlobalSection
	GlobalSection(ProjectConfigurationPlatforms) = postSolution
		{D387F239-DF85-4ECB-B353-2F6DD4D0C58E}.Debug|Any CPU.ActiveCfg = Debug|Any CPU
		{D387F239-DF85-4ECB-B353-2F6DD4D0C58E}.Debug|Any CPU.Build.0 = Debug|Any CPU
		{D387F239-DF85-4ECB-B353-2F6DD4D0C58E}.Release|Any CPU.ActiveCfg = Release|Any CPU
		{D387F239-DF85-4ECB-B353-2F6DD4D0C58E}.Release|Any CPU.Build.0 = Release|Any CPU
	EndGlobalSection
	GlobalSection(SolutionProperties) = preSolution
		HideSolutionNode = FALSE
	EndGlobalSection
	GlobalSection(ExtensibilityGlobals) = postSolution
		SolutionGuid = {7839C9D6-EDDF-440B-A130-4E08F0075B31}
	EndGlobalSection
EndGlobal
