
Microsoft Visual Studio Solution File, Format Version 12.00
# Visual Studio Version 16
VisualStudioVersion = 16.0.30621.155
MinimumVisualStudioVersion = 10.0.40219.1
Project("{FAE04EC0-301F-11D3-BF4B-00C04F79EFBC}") = "CardGroupQuery", "CardGroupQuery\CardGroupQuery.csproj", "{182A4284-13EF-478E-983A-B593243D2E93}"
EndProject
Global
	GlobalSection(SolutionConfigurationPlatforms) = preSolution
		Debug|Any CPU = Debug|Any CPU
		Release|Any CPU = Release|Any CPU
	EndGlobalSection
	GlobalSection(ProjectConfigurationPlatforms) = postSolution
		{182A4284-13EF-478E-983A-B593243D2E93}.Debug|Any CPU.ActiveCfg = Debug|Any CPU
		{182A4284-13EF-478E-983A-B593243D2E93}.Debug|Any CPU.Build.0 = Debug|Any CPU
		{182A4284-13EF-478E-983A-B593243D2E93}.Release|Any CPU.ActiveCfg = Release|Any CPU
		{182A4284-13EF-478E-983A-B593243D2E93}.Release|Any CPU.Build.0 = Release|Any CPU
	EndGlobalSection
	GlobalSection(SolutionProperties) = preSolution
		HideSolutionNode = FALSE
	EndGlobalSection
	GlobalSection(ExtensibilityGlobals) = postSolution
		SolutionGuid = {CD36E87F-E44C-4B06-8B70-8658F3FD7087}
	EndGlobalSection
EndGlobal
