
Microsoft Visual Studio Solution File, Format Version 12.00
# Visual Studio Version 16
VisualStudioVersion = 16.0.30621.155
MinimumVisualStudioVersion = 10.0.40219.1
Project("{FAE04EC0-301F-11D3-BF4B-00C04F79EFBC}") = "CodeMagnets", "CodeMagnets\CodeMagnets.csproj", "{B32073B3-6087-4FB4-8781-FA6927EA333A}"
EndProject
Global
	GlobalSection(SolutionConfigurationPlatforms) = preSolution
		Debug|Any CPU = Debug|Any CPU
		Release|Any CPU = Release|Any CPU
	EndGlobalSection
	GlobalSection(ProjectConfigurationPlatforms) = postSolution
		{B32073B3-6087-4FB4-8781-FA6927EA333A}.Debug|Any CPU.ActiveCfg = Debug|Any CPU
		{B32073B3-6087-4FB4-8781-FA6927EA333A}.Debug|Any CPU.Build.0 = Debug|Any CPU
		{B32073B3-6087-4FB4-8781-FA6927EA333A}.Release|Any CPU.ActiveCfg = Release|Any CPU
		{B32073B3-6087-4FB4-8781-FA6927EA333A}.Release|Any CPU.Build.0 = Release|Any CPU
	EndGlobalSection
	GlobalSection(SolutionProperties) = preSolution
		HideSolutionNode = FALSE
	EndGlobalSection
	GlobalSection(ExtensibilityGlobals) = postSolution
		SolutionGuid = {EBD10897-0886-4531-B74E-FD7D77866B93}
	EndGlobalSection
EndGlobal
