
Microsoft Visual Studio Solution File, Format Version 12.00
# Visual Studio Version 16
VisualStudioVersion = 16.0.30621.155
MinimumVisualStudioVersion = 10.0.40219.1
Project("{FAE04EC0-301F-11D3-BF4B-00C04F79EFBC}") = "Ducks", "Ducks\Ducks.csproj", "{534F41FA-3503-4B9E-B1A0-6C876CB68A71}"
EndProject
Global
	GlobalSection(SolutionConfigurationPlatforms) = preSolution
		Debug|Any CPU = Debug|Any CPU
		Release|Any CPU = Release|Any CPU
	EndGlobalSection
	GlobalSection(ProjectConfigurationPlatforms) = postSolution
		{534F41FA-3503-4B9E-B1A0-6C876CB68A71}.Debug|Any CPU.ActiveCfg = Debug|Any CPU
		{534F41FA-3503-4B9E-B1A0-6C876CB68A71}.Debug|Any CPU.Build.0 = Debug|Any CPU
		{534F41FA-3503-4B9E-B1A0-6C876CB68A71}.Release|Any CPU.ActiveCfg = Release|Any CPU
		{534F41FA-3503-4B9E-B1A0-6C876CB68A71}.Release|Any CPU.Build.0 = Release|Any CPU
	EndGlobalSection
	GlobalSection(SolutionProperties) = preSolution
		HideSolutionNode = FALSE
	EndGlobalSection
	GlobalSection(ExtensibilityGlobals) = postSolution
		SolutionGuid = {4428FD85-A4DD-43BB-93B5-8697C4CE56EC}
	EndGlobalSection
EndGlobal
