
Microsoft Visual Studio Solution File, Format Version 12.00
# Visual Studio Version 16
VisualStudioVersion = 16.0.30621.155
MinimumVisualStudioVersion = 10.0.40219.1
Project("{FAE04EC0-301F-11D3-BF4B-00C04F79EFBC}") = "SwordDamage_Console_Part_1", "SwordDamage_Console_Part_1\SwordDamage_Console_Part_1.csproj", "{8B966801-6492-44E5-BA0D-E767A976E4FC}"
EndProject
Global
	GlobalSection(SolutionConfigurationPlatforms) = preSolution
		Debug|Any CPU = Debug|Any CPU
		Release|Any CPU = Release|Any CPU
	EndGlobalSection
	GlobalSection(ProjectConfigurationPlatforms) = postSolution
		{8B966801-6492-44E5-BA0D-E767A976E4FC}.Debug|Any CPU.ActiveCfg = Debug|Any CPU
		{8B966801-6492-44E5-BA0D-E767A976E4FC}.Debug|Any CPU.Build.0 = Debug|Any CPU
		{8B966801-6492-44E5-BA0D-E767A976E4FC}.Release|Any CPU.ActiveCfg = Release|Any CPU
		{8B966801-6492-44E5-BA0D-E767A976E4FC}.Release|Any CPU.Build.0 = Release|Any CPU
	EndGlobalSection
	GlobalSection(SolutionProperties) = preSolution
		HideSolutionNode = FALSE
	EndGlobalSection
	GlobalSection(ExtensibilityGlobals) = postSolution
		SolutionGuid = {E183F69A-7800-4DB4-AE0D-5756AD9F3013}
	EndGlobalSection
EndGlobal
