
Microsoft Visual Studio Solution File, Format Version 12.00
# Visual Studio Version 16
VisualStudioVersion = 16.0.30621.155
MinimumVisualStudioVersion = 10.0.40219.1
Project("{FAE04EC0-301F-11D3-BF4B-00C04F79EFBC}") = "SuitsAndValues", "SuitsAndValues\SuitsAndValues.csproj", "{9FC25B79-B354-4F98-9C56-206F67756BE7}"
EndProject
Global
	GlobalSection(SolutionConfigurationPlatforms) = preSolution
		Debug|Any CPU = Debug|Any CPU
		Release|Any CPU = Release|Any CPU
	EndGlobalSection
	GlobalSection(ProjectConfigurationPlatforms) = postSolution
		{9FC25B79-B354-4F98-9C56-206F67756BE7}.Debug|Any CPU.ActiveCfg = Debug|Any CPU
		{9FC25B79-B354-4F98-9C56-206F67756BE7}.Debug|Any CPU.Build.0 = Debug|Any CPU
		{9FC25B79-B354-4F98-9C56-206F67756BE7}.Release|Any CPU.ActiveCfg = Release|Any CPU
		{9FC25B79-B354-4F98-9C56-206F67756BE7}.Release|Any CPU.Build.0 = Release|Any CPU
	EndGlobalSection
	GlobalSection(SolutionProperties) = preSolution
		HideSolutionNode = FALSE
	EndGlobalSection
	GlobalSection(ExtensibilityGlobals) = postSolution
		SolutionGuid = {3004FCDD-BF9E-497E-9EC1-91CA012A2952}
	EndGlobalSection
EndGlobal
