
Microsoft Visual Studio Solution File, Format Version 12.00
# Visual Studio Version 16
VisualStudioVersion = 16.0.30621.155
MinimumVisualStudioVersion = 10.0.40219.1
Project("{FAE04EC0-301F-11D3-BF4B-00C04F79EFBC}") = "PickACardUI", "PickACardUI\PickACardUI.csproj", "{16D160B7-D184-443A-B104-1FC1BC47CA9C}"
EndProject
Global
	GlobalSection(SolutionConfigurationPlatforms) = preSolution
		Debug|Any CPU = Debug|Any CPU
		Release|Any CPU = Release|Any CPU
	EndGlobalSection
	GlobalSection(ProjectConfigurationPlatforms) = postSolution
		{16D160B7-D184-443A-B104-1FC1BC47CA9C}.Debug|Any CPU.ActiveCfg = Debug|Any CPU
		{16D160B7-D184-443A-B104-1FC1BC47CA9C}.Debug|Any CPU.Build.0 = Debug|Any CPU
		{16D160B7-D184-443A-B104-1FC1BC47CA9C}.Release|Any CPU.ActiveCfg = Release|Any CPU
		{16D160B7-D184-443A-B104-1FC1BC47CA9C}.Release|Any CPU.Build.0 = Release|Any CPU
	EndGlobalSection
	GlobalSection(SolutionProperties) = preSolution
		HideSolutionNode = FALSE
	EndGlobalSection
	GlobalSection(ExtensibilityGlobals) = postSolution
		SolutionGuid = {A53B3979-DE96-4936-BAE0-EDCF66117D44}
	EndGlobalSection
EndGlobal
