
Microsoft Visual Studio Solution File, Format Version 12.00
# Visual Studio Version 16
VisualStudioVersion = 16.0.30621.155
MinimumVisualStudioVersion = 10.0.40219.1
Project("{FAE04EC0-301F-11D3-BF4B-00C04F79EFBC}") = "CheckTemperature", "CheckTemperature\CheckTemperature.csproj", "{DA4EC01A-2979-4205-A0DE-A37A3D7E407B}"
EndProject
Global
	GlobalSection(SolutionConfigurationPlatforms) = preSolution
		Debug|Any CPU = Debug|Any CPU
		Release|Any CPU = Release|Any CPU
	EndGlobalSection
	GlobalSection(ProjectConfigurationPlatforms) = postSolution
		{DA4EC01A-2979-4205-A0DE-A37A3D7E407B}.Debug|Any CPU.ActiveCfg = Debug|Any CPU
		{DA4EC01A-2979-4205-A0DE-A37A3D7E407B}.Debug|Any CPU.Build.0 = Debug|Any CPU
		{DA4EC01A-2979-4205-A0DE-A37A3D7E407B}.Release|Any CPU.ActiveCfg = Release|Any CPU
		{DA4EC01A-2979-4205-A0DE-A37A3D7E407B}.Release|Any CPU.Build.0 = Release|Any CPU
	EndGlobalSection
	GlobalSection(SolutionProperties) = preSolution
		HideSolutionNode = FALSE
	EndGlobalSection
	GlobalSection(ExtensibilityGlobals) = postSolution
		SolutionGuid = {2D35BE78-6A0D-430B-AC8E-426B9127DEE5}
	EndGlobalSection
EndGlobal
