
Microsoft Visual Studio Solution File, Format Version 12.00
# Visual Studio Version 16
VisualStudioVersion = 16.0.30621.155
MinimumVisualStudioVersion = 10.0.40219.1
Project("{FAE04EC0-301F-11D3-BF4B-00C04F79EFBC}") = "SwordDamage_Console_Part_2", "SwordDamage_Console_Part_2\SwordDamage_Console_Part_2.csproj", "{AB4A4763-88DC-401A-B00B-8255422244A7}"
EndProject
Global
	GlobalSection(SolutionConfigurationPlatforms) = preSolution
		Debug|Any CPU = Debug|Any CPU
		Release|Any CPU = Release|Any CPU
	EndGlobalSection
	GlobalSection(ProjectConfigurationPlatforms) = postSolution
		{AB4A4763-88DC-401A-B00B-8255422244A7}.Debug|Any CPU.ActiveCfg = Debug|Any CPU
		{AB4A4763-88DC-401A-B00B-8255422244A7}.Debug|Any CPU.Build.0 = Debug|Any CPU
		{AB4A4763-88DC-401A-B00B-8255422244A7}.Release|Any CPU.ActiveCfg = Release|Any CPU
		{AB4A4763-88DC-401A-B00B-8255422244A7}.Release|Any CPU.Build.0 = Release|Any CPU
	EndGlobalSection
	GlobalSection(SolutionProperties) = preSolution
		HideSolutionNode = FALSE
	EndGlobalSection
	GlobalSection(ExtensibilityGlobals) = postSolution
		SolutionGuid = {3366BC2C-16ED-49B9-9ADD-558C936EB733}
	EndGlobalSection
EndGlobal
