
Microsoft Visual Studio Solution File, Format Version 12.00
# Visual Studio Version 16
VisualStudioVersion = 16.0.30621.155
MinimumVisualStudioVersion = 10.0.40219.1
Project("{FAE04EC0-301F-11D3-BF4B-00C04F79EFBC}") = "AbilityScore", "AbilityScore\AbilityScore.csproj", "{45BFEDAD-09E7-406B-BBF9-641AAA080CEF}"
EndProject
Global
	GlobalSection(SolutionConfigurationPlatforms) = preSolution
		Debug|Any CPU = Debug|Any CPU
		Release|Any CPU = Release|Any CPU
	EndGlobalSection
	GlobalSection(ProjectConfigurationPlatforms) = postSolution
		{45BFEDAD-09E7-406B-BBF9-641AAA080CEF}.Debug|Any CPU.ActiveCfg = Debug|Any CPU
		{45BFEDAD-09E7-406B-BBF9-641AAA080CEF}.Debug|Any CPU.Build.0 = Debug|Any CPU
		{45BFEDAD-09E7-406B-BBF9-641AAA080CEF}.Release|Any CPU.ActiveCfg = Release|Any CPU
		{45BFEDAD-09E7-406B-BBF9-641AAA080CEF}.Release|Any CPU.Build.0 = Release|Any CPU
	EndGlobalSection
	GlobalSection(SolutionProperties) = preSolution
		HideSolutionNode = FALSE
	EndGlobalSection
	GlobalSection(ExtensibilityGlobals) = postSolution
		SolutionGuid = {91CFE5E3-5C6D-4887-BC4B-7D6D04968974}
	EndGlobalSection
EndGlobal
