
Microsoft Visual Studio Solution File, Format Version 12.00
# Visual Studio Version 16
VisualStudioVersion = 16.0.30621.155
MinimumVisualStudioVersion = 10.0.40219.1
Project("{FAE04EC0-301F-11D3-BF4B-00C04F79EFBC}") = "ExploreTheEnumerableClass", "ExploreTheEnumerableClass\ExploreTheEnumerableClass.csproj", "{26BBA445-DCD5-4803-AD0A-3429483E3D70}"
EndProject
Global
	GlobalSection(SolutionConfigurationPlatforms) = preSolution
		Debug|Any CPU = Debug|Any CPU
		Release|Any CPU = Release|Any CPU
	EndGlobalSection
	GlobalSection(ProjectConfigurationPlatforms) = postSolution
		{26BBA445-DCD5-4803-AD0A-3429483E3D70}.Debug|Any CPU.ActiveCfg = Debug|Any CPU
		{26BBA445-DCD5-4803-AD0A-3429483E3D70}.Debug|Any CPU.Build.0 = Debug|Any CPU
		{26BBA445-DCD5-4803-AD0A-3429483E3D70}.Release|Any CPU.ActiveCfg = Release|Any CPU
		{26BBA445-DCD5-4803-AD0A-3429483E3D70}.Release|Any CPU.Build.0 = Release|Any CPU
	EndGlobalSection
	GlobalSection(SolutionProperties) = preSolution
		HideSolutionNode = FALSE
	EndGlobalSection
	GlobalSection(ExtensibilityGlobals) = postSolution
		SolutionGuid = {7C2C5D06-1275-46DD-8EEA-2C93556787A8}
	EndGlobalSection
EndGlobal
