
Microsoft Visual Studio Solution File, Format Version 12.00
# Visual Studio Version 16
VisualStudioVersion = 16.0.30621.155
MinimumVisualStudioVersion = 10.0.40219.1
Project("{FAE04EC0-301F-11D3-BF4B-00C04F79EFBC}") = "PigeonAndOstrich", "PigeonAndOstrich\PigeonAndOstrich.csproj", "{686F4D52-7559-48FE-95B8-B42F54130476}"
EndProject
Global
	GlobalSection(SolutionConfigurationPlatforms) = preSolution
		Debug|Any CPU = Debug|Any CPU
		Release|Any CPU = Release|Any CPU
	EndGlobalSection
	GlobalSection(ProjectConfigurationPlatforms) = postSolution
		{686F4D52-7559-48FE-95B8-B42F54130476}.Debug|Any CPU.ActiveCfg = Debug|Any CPU
		{686F4D52-7559-48FE-95B8-B42F54130476}.Debug|Any CPU.Build.0 = Debug|Any CPU
		{686F4D52-7559-48FE-95B8-B42F54130476}.Release|Any CPU.ActiveCfg = Release|Any CPU
		{686F4D52-7559-48FE-95B8-B42F54130476}.Release|Any CPU.Build.0 = Release|Any CPU
	EndGlobalSection
	GlobalSection(SolutionProperties) = preSolution
		HideSolutionNode = FALSE
	EndGlobalSection
	GlobalSection(ExtensibilityGlobals) = postSolution
		SolutionGuid = {246B185D-8B1F-4764-96F7-EB12543D2D65}
	EndGlobalSection
EndGlobal
