
Microsoft Visual Studio Solution File, Format Version 12.00
# Visual Studio Version 16
VisualStudioVersion = 16.0.30621.155
MinimumVisualStudioVersion = 10.0.40219.1
Project("{FAE04EC0-301F-11D3-BF4B-00C04F79EFBC}") = "LambdaExpressionsAndLinq", "LambdaExpressionsAndLinq\LambdaExpressionsAndLinq.csproj", "{F22589FF-3169-40E8-9865-ECBA1349EDF5}"
EndProject
Global
	GlobalSection(SolutionConfigurationPlatforms) = preSolution
		Debug|Any CPU = Debug|Any CPU
		Release|Any CPU = Release|Any CPU
	EndGlobalSection
	GlobalSection(ProjectConfigurationPlatforms) = postSolution
		{F22589FF-3169-40E8-9865-ECBA1349EDF5}.Debug|Any CPU.ActiveCfg = Debug|Any CPU
		{F22589FF-3169-40E8-9865-ECBA1349EDF5}.Debug|Any CPU.Build.0 = Debug|Any CPU
		{F22589FF-3169-40E8-9865-ECBA1349EDF5}.Release|Any CPU.ActiveCfg = Release|Any CPU
		{F22589FF-3169-40E8-9865-ECBA1349EDF5}.Release|Any CPU.Build.0 = Release|Any CPU
	EndGlobalSection
	GlobalSection(SolutionProperties) = preSolution
		HideSolutionNode = FALSE
	EndGlobalSection
	GlobalSection(ExtensibilityGlobals) = postSolution
		SolutionGuid = {06E145DE-0E89-4CBD-83F6-D3A92B83B89E}
	EndGlobalSection
EndGlobal
