
Microsoft Visual Studio Solution File, Format Version 12.00
# Visual Studio Version 16
VisualStudioVersion = 16.0.29926.136
MinimumVisualStudioVersion = 10.0.40219.1
Project("{FAE04EC0-301F-11D3-BF4B-00C04F79EFBC}") = "ExperimentWithControls", "ExperimentWithControls\ExperimentWithControls.csproj", "{7155F1A8-CAEA-4314-A5FB-4D071F4F5358}"
EndProject
Global
	GlobalSection(SolutionConfigurationPlatforms) = preSolution
		Debug|Any CPU = Debug|Any CPU
		Release|Any CPU = Release|Any CPU
	EndGlobalSection
	GlobalSection(ProjectConfigurationPlatforms) = postSolution
		{7155F1A8-CAEA-4314-A5FB-4D071F4F5358}.Debug|Any CPU.ActiveCfg = Debug|Any CPU
		{7155F1A8-CAEA-4314-A5FB-4D071F4F5358}.Debug|Any CPU.Build.0 = Debug|Any CPU
		{7155F1A8-CAEA-4314-A5FB-4D071F4F5358}.Release|Any CPU.ActiveCfg = Release|Any CPU
		{7155F1A8-CAEA-4314-A5FB-4D071F4F5358}.Release|Any CPU.Build.0 = Release|Any CPU
	EndGlobalSection
	GlobalSection(SolutionProperties) = preSolution
		HideSolutionNode = FALSE
	EndGlobalSection
	GlobalSection(ExtensibilityGlobals) = postSolution
		SolutionGuid = {172EDA2E-1A66-4F98-93A6-D9DAF45F9E11}
	EndGlobalSection
EndGlobal
