
Microsoft Visual Studio Solution File, Format Version 12.00
# Visual Studio Version 16
VisualStudioVersion = 16.0.30503.244
MinimumVisualStudioVersion = 10.0.40219.1
Project("{FAE04EC0-301F-11D3-BF4B-00C04F79EFBC}") = "ExperimentWithControls", "ExperimentWithControls\ExperimentWithControls.csproj", "{51700785-8296-4BAC-BBF6-1E304DFF647D}"
EndProject
Global
	GlobalSection(SolutionConfigurationPlatforms) = preSolution
		Debug|Any CPU = Debug|Any CPU
		Release|Any CPU = Release|Any CPU
	EndGlobalSection
	GlobalSection(ProjectConfigurationPlatforms) = postSolution
		{51700785-8296-4BAC-BBF6-1E304DFF647D}.Debug|Any CPU.ActiveCfg = Debug|Any CPU
		{51700785-8296-4BAC-BBF6-1E304DFF647D}.Debug|Any CPU.Build.0 = Debug|Any CPU
		{51700785-8296-4BAC-BBF6-1E304DFF647D}.Release|Any CPU.ActiveCfg = Release|Any CPU
		{51700785-8296-4BAC-BBF6-1E304DFF647D}.Release|Any CPU.Build.0 = Release|Any CPU
	EndGlobalSection
	GlobalSection(SolutionProperties) = preSolution
		HideSolutionNode = FALSE
	EndGlobalSection
	GlobalSection(ExtensibilityGlobals) = postSolution
		SolutionGuid = {AB09EBF9-220B-40FE-924A-736D3E5DD655}
	EndGlobalSection
EndGlobal
