
Microsoft Visual Studio Solution File, Format Version 12.00
# Visual Studio Version 16
VisualStudioVersion = 16.0.30621.155
MinimumVisualStudioVersion = 10.0.40219.1
Project("{FAE04EC0-301F-11D3-BF4B-00C04F79EFBC}") = "LumberjacksAndFlapjacks", "LumberjacksAndFlapjacks\LumberjacksAndFlapjacks.csproj", "{736441B3-52CB-46D4-82CD-5D225922D6D2}"
EndProject
Global
	GlobalSection(SolutionConfigurationPlatforms) = preSolution
		Debug|Any CPU = Debug|Any CPU
		Release|Any CPU = Release|Any CPU
	EndGlobalSection
	GlobalSection(ProjectConfigurationPlatforms) = postSolution
		{736441B3-52CB-46D4-82CD-5D225922D6D2}.Debug|Any CPU.ActiveCfg = Debug|Any CPU
		{736441B3-52CB-46D4-82CD-5D225922D6D2}.Debug|Any CPU.Build.0 = Debug|Any CPU
		{736441B3-52CB-46D4-82CD-5D225922D6D2}.Release|Any CPU.ActiveCfg = Release|Any CPU
		{736441B3-52CB-46D4-82CD-5D225922D6D2}.Release|Any CPU.Build.0 = Release|Any CPU
	EndGlobalSection
	GlobalSection(SolutionProperties) = preSolution
		HideSolutionNode = FALSE
	EndGlobalSection
	GlobalSection(ExtensibilityGlobals) = postSolution
		SolutionGuid = {39555184-1456-4740-9F83-504873E21DC4}
	EndGlobalSection
EndGlobal
