
Microsoft Visual Studio Solution File, Format Version 12.00
# Visual Studio Version 16
VisualStudioVersion = 16.0.31025.194
MinimumVisualStudioVersion = 10.0.40219.1
Project("{FAE04EC0-301F-11D3-BF4B-00C04F79EFBC}") = "RoutedEvents", "RoutedEvents\RoutedEvents.csproj", "{8EF1086F-29F6-4A17-B062-D9F48DD601BF}"
EndProject
Global
	GlobalSection(SolutionConfigurationPlatforms) = preSolution
		Debug|Any CPU = Debug|Any CPU
		Release|Any CPU = Release|Any CPU
	EndGlobalSection
	GlobalSection(ProjectConfigurationPlatforms) = postSolution
		{8EF1086F-29F6-4A17-B062-D9F48DD601BF}.Debug|Any CPU.ActiveCfg = Debug|Any CPU
		{8EF1086F-29F6-4A17-B062-D9F48DD601BF}.Debug|Any CPU.Build.0 = Debug|Any CPU
		{8EF1086F-29F6-4A17-B062-D9F48DD601BF}.Release|Any CPU.ActiveCfg = Release|Any CPU
		{8EF1086F-29F6-4A17-B062-D9F48DD601BF}.Release|Any CPU.Build.0 = Release|Any CPU
	EndGlobalSection
	GlobalSection(SolutionProperties) = preSolution
		HideSolutionNode = FALSE
	EndGlobalSection
	GlobalSection(ExtensibilityGlobals) = postSolution
		SolutionGuid = {BEE1DEF7-A428-4B1E-9941-55B341CC6DC9}
	EndGlobalSection
EndGlobal
