
Microsoft Visual Studio Solution File, Format Version 12.00
# Visual Studio Version 16
VisualStudioVersion = 16.0.30717.126
MinimumVisualStudioVersion = 10.0.40219.1
Project("{FAE04EC0-301F-11D3-BF4B-00C04F79EFBC}") = "TwoDecksWPF", "TwoDecksWPF\TwoDecksWPF.csproj", "{1D36CEED-F440-4238-A260-2CE4C5BCE1AF}"
EndProject
Global
	GlobalSection(SolutionConfigurationPlatforms) = preSolution
		Debug|Any CPU = Debug|Any CPU
		Release|Any CPU = Release|Any CPU
	EndGlobalSection
	GlobalSection(ProjectConfigurationPlatforms) = postSolution
		{1D36CEED-F440-4238-A260-2CE4C5BCE1AF}.Debug|Any CPU.ActiveCfg = Debug|Any CPU
		{1D36CEED-F440-4238-A260-2CE4C5BCE1AF}.Debug|Any CPU.Build.0 = Debug|Any CPU
		{1D36CEED-F440-4238-A260-2CE4C5BCE1AF}.Release|Any CPU.ActiveCfg = Release|Any CPU
		{1D36CEED-F440-4238-A260-2CE4C5BCE1AF}.Release|Any CPU.Build.0 = Release|Any CPU
	EndGlobalSection
	GlobalSection(SolutionProperties) = preSolution
		HideSolutionNode = FALSE
	EndGlobalSection
	GlobalSection(ExtensibilityGlobals) = postSolution
		SolutionGuid = {EB940437-631F-4F84-B51F-E133EE93EB61}
	EndGlobalSection
EndGlobal
