
Microsoft Visual Studio Solution File, Format Version 12.00
# Visual Studio Version 16
VisualStudioVersion = 16.0.30621.155
MinimumVisualStudioVersion = 10.0.40219.1
Project("{FAE04EC0-301F-11D3-BF4B-00C04F79EFBC}") = "JewelThief", "JewelThief\JewelThief.csproj", "{05AE71D8-2666-490F-8D3A-E89DD4CC9052}"
EndProject
Global
	GlobalSection(SolutionConfigurationPlatforms) = preSolution
		Debug|Any CPU = Debug|Any CPU
		Release|Any CPU = Release|Any CPU
	EndGlobalSection
	GlobalSection(ProjectConfigurationPlatforms) = postSolution
		{05AE71D8-2666-490F-8D3A-E89DD4CC9052}.Debug|Any CPU.ActiveCfg = Debug|Any CPU
		{05AE71D8-2666-490F-8D3A-E89DD4CC9052}.Debug|Any CPU.Build.0 = Debug|Any CPU
		{05AE71D8-2666-490F-8D3A-E89DD4CC9052}.Release|Any CPU.ActiveCfg = Release|Any CPU
		{05AE71D8-2666-490F-8D3A-E89DD4CC9052}.Release|Any CPU.Build.0 = Release|Any CPU
	EndGlobalSection
	GlobalSection(SolutionProperties) = preSolution
		HideSolutionNode = FALSE
	EndGlobalSection
	GlobalSection(ExtensibilityGlobals) = postSolution
		SolutionGuid = {52BA89F3-BA70-4474-92E7-F5669480FABE}
	EndGlobalSection
EndGlobal
