
Microsoft Visual Studio Solution File, Format Version 12.00
# Visual Studio Version 16
VisualStudioVersion = 16.0.30621.155
MinimumVisualStudioVersion = 10.0.40219.1
Project("{FAE04EC0-301F-11D3-BF4B-00C04F79EFBC}") = "PlanetMission", "PlanetMission\PlanetMission.csproj", "{2BBCD890-6B9C-4B4C-8DA6-77D858045E41}"
EndProject
Global
	GlobalSection(SolutionConfigurationPlatforms) = preSolution
		Debug|Any CPU = Debug|Any CPU
		Release|Any CPU = Release|Any CPU
	EndGlobalSection
	GlobalSection(ProjectConfigurationPlatforms) = postSolution
		{2BBCD890-6B9C-4B4C-8DA6-77D858045E41}.Debug|Any CPU.ActiveCfg = Debug|Any CPU
		{2BBCD890-6B9C-4B4C-8DA6-77D858045E41}.Debug|Any CPU.Build.0 = Debug|Any CPU
		{2BBCD890-6B9C-4B4C-8DA6-77D858045E41}.Release|Any CPU.ActiveCfg = Release|Any CPU
		{2BBCD890-6B9C-4B4C-8DA6-77D858045E41}.Release|Any CPU.Build.0 = Release|Any CPU
	EndGlobalSection
	GlobalSection(SolutionProperties) = preSolution
		HideSolutionNode = FALSE
	EndGlobalSection
	GlobalSection(ExtensibilityGlobals) = postSolution
		SolutionGuid = {8A685E7A-6AD4-4F26-902D-66A821FBA66D}
	EndGlobalSection
EndGlobal
