
Microsoft Visual Studio Solution File, Format Version 12.00
# Visual Studio Version 16
VisualStudioVersion = 16.0.30621.155
MinimumVisualStudioVersion = 10.0.40219.1
Project("{FAE04EC0-301F-11D3-BF4B-00C04F79EFBC}") = "StructDog", "StructDog\StructDog.csproj", "{C6DB9D7D-E9CD-4F07-852C-FC41DD444DF4}"
EndProject
Global
	GlobalSection(SolutionConfigurationPlatforms) = preSolution
		Debug|Any CPU = Debug|Any CPU
		Release|Any CPU = Release|Any CPU
	EndGlobalSection
	GlobalSection(ProjectConfigurationPlatforms) = postSolution
		{C6DB9D7D-E9CD-4F07-852C-FC41DD444DF4}.Debug|Any CPU.ActiveCfg = Debug|Any CPU
		{C6DB9D7D-E9CD-4F07-852C-FC41DD444DF4}.Debug|Any CPU.Build.0 = Debug|Any CPU
		{C6DB9D7D-E9CD-4F07-852C-FC41DD444DF4}.Release|Any CPU.ActiveCfg = Release|Any CPU
		{C6DB9D7D-E9CD-4F07-852C-FC41DD444DF4}.Release|Any CPU.Build.0 = Release|Any CPU
	EndGlobalSection
	GlobalSection(SolutionProperties) = preSolution
		HideSolutionNode = FALSE
	EndGlobalSection
	GlobalSection(ExtensibilityGlobals) = postSolution
		SolutionGuid = {0E1C16A1-4E34-4D58-9D75-177CB3753F51}
	EndGlobalSection
EndGlobal
