
Microsoft Visual Studio Solution File, Format Version 12.00
# Visual Studio Version 16
VisualStudioVersion = 16.0.30621.155
MinimumVisualStudioVersion = 10.0.40219.1
Project("{FAE04EC0-301F-11D3-BF4B-00C04F79EFBC}") = "MatchGame", "MatchGame\MatchGame.csproj", "{68D312AB-9A18-4FC7-8279-6589EF038417}"
EndProject
Global
	GlobalSection(SolutionConfigurationPlatforms) = preSolution
		Debug|Any CPU = Debug|Any CPU
		Release|Any CPU = Release|Any CPU
	EndGlobalSection
	GlobalSection(ProjectConfigurationPlatforms) = postSolution
		{68D312AB-9A18-4FC7-8279-6589EF038417}.Debug|Any CPU.ActiveCfg = Debug|Any CPU
		{68D312AB-9A18-4FC7-8279-6589EF038417}.Debug|Any CPU.Build.0 = Debug|Any CPU
		{68D312AB-9A18-4FC7-8279-6589EF038417}.Release|Any CPU.ActiveCfg = Release|Any CPU
		{68D312AB-9A18-4FC7-8279-6589EF038417}.Release|Any CPU.Build.0 = Release|Any CPU
	EndGlobalSection
	GlobalSection(SolutionProperties) = preSolution
		HideSolutionNode = FALSE
	EndGlobalSection
	GlobalSection(ExtensibilityGlobals) = postSolution
		SolutionGuid = {5C5FC802-6BE9-47A5-8359-9C4B75C8AD64}
	EndGlobalSection
EndGlobal
