
Microsoft Visual Studio Solution File, Format Version 12.00
# Visual Studio Version 16
VisualStudioVersion = 16.0.30621.155
MinimumVisualStudioVersion = 10.0.40219.1
Project("{FAE04EC0-301F-11D3-BF4B-00C04F79EFBC}") = "ReturnThreeValues", "ReturnThreeValues\ReturnThreeValues.csproj", "{3549B97D-555E-4A78-AAC2-B2693C47616F}"
EndProject
Global
	GlobalSection(SolutionConfigurationPlatforms) = preSolution
		Debug|Any CPU = Debug|Any CPU
		Release|Any CPU = Release|Any CPU
	EndGlobalSection
	GlobalSection(ProjectConfigurationPlatforms) = postSolution
		{3549B97D-555E-4A78-AAC2-B2693C47616F}.Debug|Any CPU.ActiveCfg = Debug|Any CPU
		{3549B97D-555E-4A78-AAC2-B2693C47616F}.Debug|Any CPU.Build.0 = Debug|Any CPU
		{3549B97D-555E-4A78-AAC2-B2693C47616F}.Release|Any CPU.ActiveCfg = Release|Any CPU
		{3549B97D-555E-4A78-AAC2-B2693C47616F}.Release|Any CPU.Build.0 = Release|Any CPU
	EndGlobalSection
	GlobalSection(SolutionProperties) = preSolution
		HideSolutionNode = FALSE
	EndGlobalSection
	GlobalSection(ExtensibilityGlobals) = postSolution
		SolutionGuid = {BB124184-FEC4-43BF-89E5-0C3403A24097}
	EndGlobalSection
EndGlobal
