
Microsoft Visual Studio Solution File, Format Version 12.00
# Visual Studio Version 16
VisualStudioVersion = 16.0.30621.155
MinimumVisualStudioVersion = 10.0.40219.1
Project("{FAE04EC0-301F-11D3-BF4B-00C04F79EFBC}") = "HippoAndWolf", "HippoAndWolf\HippoAndWolf.csproj", "{02DFC74C-65AE-44B9-AB51-C5AE2EB70DCF}"
EndProject
Global
	GlobalSection(SolutionConfigurationPlatforms) = preSolution
		Debug|Any CPU = Debug|Any CPU
		Release|Any CPU = Release|Any CPU
	EndGlobalSection
	GlobalSection(ProjectConfigurationPlatforms) = postSolution
		{02DFC74C-65AE-44B9-AB51-C5AE2EB70DCF}.Debug|Any CPU.ActiveCfg = Debug|Any CPU
		{02DFC74C-65AE-44B9-AB51-C5AE2EB70DCF}.Debug|Any CPU.Build.0 = Debug|Any CPU
		{02DFC74C-65AE-44B9-AB51-C5AE2EB70DCF}.Release|Any CPU.ActiveCfg = Release|Any CPU
		{02DFC74C-65AE-44B9-AB51-C5AE2EB70DCF}.Release|Any CPU.Build.0 = Release|Any CPU
	EndGlobalSection
	GlobalSection(SolutionProperties) = preSolution
		HideSolutionNode = FALSE
	EndGlobalSection
	GlobalSection(ExtensibilityGlobals) = postSolution
		SolutionGuid = {EE5770D4-E80B-47BB-86F5-B13658B8AEB6}
	EndGlobalSection
EndGlobal
