
Microsoft Visual Studio Solution File, Format Version 12.00
# Visual Studio Version 16
VisualStudioVersion = 16.0.30621.155
MinimumVisualStudioVersion = 10.0.40219.1
Project("{FAE04EC0-301F-11D3-BF4B-00C04F79EFBC}") = "SwindlerDiabolicalPlan", "SwindlerDiabolicalPlan\SwindlerDiabolicalPlan.csproj", "{DAA873E4-65EF-4FBF-8DB3-5CC7AEE65BFE}"
EndProject
Global
	GlobalSection(SolutionConfigurationPlatforms) = preSolution
		Debug|Any CPU = Debug|Any CPU
		Release|Any CPU = Release|Any CPU
	EndGlobalSection
	GlobalSection(ProjectConfigurationPlatforms) = postSolution
		{DAA873E4-65EF-4FBF-8DB3-5CC7AEE65BFE}.Debug|Any CPU.ActiveCfg = Debug|Any CPU
		{DAA873E4-65EF-4FBF-8DB3-5CC7AEE65BFE}.Debug|Any CPU.Build.0 = Debug|Any CPU
		{DAA873E4-65EF-4FBF-8DB3-5CC7AEE65BFE}.Release|Any CPU.ActiveCfg = Release|Any CPU
		{DAA873E4-65EF-4FBF-8DB3-5CC7AEE65BFE}.Release|Any CPU.Build.0 = Release|Any CPU
	EndGlobalSection
	GlobalSection(SolutionProperties) = preSolution
		HideSolutionNode = FALSE
	EndGlobalSection
	GlobalSection(ExtensibilityGlobals) = postSolution
		SolutionGuid = {1A02A8E1-293C-4021-94F2-38666C6D5C5E}
	EndGlobalSection
EndGlobal
