
Microsoft Visual Studio Solution File, Format Version 12.00
# Visual Studio Version 16
VisualStudioVersion = 16.0.30621.155
MinimumVisualStudioVersion = 10.0.40219.1
Project("{FAE04EC0-301F-11D3-BF4B-00C04F79EFBC}") = "StackAndQueue", "StackAndQueue\StackAndQueue.csproj", "{36987F95-EB79-4EC6-8A94-99C99F5C402F}"
EndProject
Global
	GlobalSection(SolutionConfigurationPlatforms) = preSolution
		Debug|Any CPU = Debug|Any CPU
		Release|Any CPU = Release|Any CPU
	EndGlobalSection
	GlobalSection(ProjectConfigurationPlatforms) = postSolution
		{36987F95-EB79-4EC6-8A94-99C99F5C402F}.Debug|Any CPU.ActiveCfg = Debug|Any CPU
		{36987F95-EB79-4EC6-8A94-99C99F5C402F}.Debug|Any CPU.Build.0 = Debug|Any CPU
		{36987F95-EB79-4EC6-8A94-99C99F5C402F}.Release|Any CPU.ActiveCfg = Release|Any CPU
		{36987F95-EB79-4EC6-8A94-99C99F5C402F}.Release|Any CPU.Build.0 = Release|Any CPU
	EndGlobalSection
	GlobalSection(SolutionProperties) = preSolution
		HideSolutionNode = FALSE
	EndGlobalSection
	GlobalSection(ExtensibilityGlobals) = postSolution
		SolutionGuid = {CA4F2E9D-C90E-4AF6-9545-0839B1FA6443}
	EndGlobalSection
EndGlobal
