
Microsoft Visual Studio Solution File, Format Version 12.00
# Visual Studio Version 16
VisualStudioVersion = 16.0.30621.155
MinimumVisualStudioVersion = 10.0.40219.1
Project("{FAE04EC0-301F-11D3-BF4B-00C04F79EFBC}") = "PoolPuzzle", "PoolPuzzle\PoolPuzzle.csproj", "{7A0EABD0-0251-45C7-A699-DC8FDAEEE775}"
EndProject
Global
	GlobalSection(SolutionConfigurationPlatforms) = preSolution
		Debug|Any CPU = Debug|Any CPU
		Release|Any CPU = Release|Any CPU
	EndGlobalSection
	GlobalSection(ProjectConfigurationPlatforms) = postSolution
		{7A0EABD0-0251-45C7-A699-DC8FDAEEE775}.Debug|Any CPU.ActiveCfg = Debug|Any CPU
		{7A0EABD0-0251-45C7-A699-DC8FDAEEE775}.Debug|Any CPU.Build.0 = Debug|Any CPU
		{7A0EABD0-0251-45C7-A699-DC8FDAEEE775}.Release|Any CPU.ActiveCfg = Release|Any CPU
		{7A0EABD0-0251-45C7-A699-DC8FDAEEE775}.Release|Any CPU.Build.0 = Release|Any CPU
	EndGlobalSection
	GlobalSection(SolutionProperties) = preSolution
		HideSolutionNode = FALSE
	EndGlobalSection
	GlobalSection(ExtensibilityGlobals) = postSolution
		SolutionGuid = {1E9B6CF1-DA55-4A90-894F-23F08F4B210B}
	EndGlobalSection
EndGlobal
