
Microsoft Visual Studio Solution File, Format Version 12.00
# Visual Studio Version 16
VisualStudioVersion = 16.0.31025.194
MinimumVisualStudioVersion = 10.0.40219.1
Project("{FAE04EC0-301F-11D3-BF4B-00C04F79EFBC}") = "UseADelegate", "UseADelegate\UseADelegate.csproj", "{52A931A2-01F4-454E-99B3-2996992965C0}"
EndProject
Global
	GlobalSection(SolutionConfigurationPlatforms) = preSolution
		Debug|Any CPU = Debug|Any CPU
		Release|Any CPU = Release|Any CPU
	EndGlobalSection
	GlobalSection(ProjectConfigurationPlatforms) = postSolution
		{52A931A2-01F4-454E-99B3-2996992965C0}.Debug|Any CPU.ActiveCfg = Debug|Any CPU
		{52A931A2-01F4-454E-99B3-2996992965C0}.Debug|Any CPU.Build.0 = Debug|Any CPU
		{52A931A2-01F4-454E-99B3-2996992965C0}.Release|Any CPU.ActiveCfg = Release|Any CPU
		{52A931A2-01F4-454E-99B3-2996992965C0}.Release|Any CPU.Build.0 = Release|Any CPU
	EndGlobalSection
	GlobalSection(SolutionProperties) = preSolution
		HideSolutionNode = FALSE
	EndGlobalSection
	GlobalSection(ExtensibilityGlobals) = postSolution
		SolutionGuid = {C6F862C2-B241-4340-B832-F4BDCECE3F5F}
	EndGlobalSection
EndGlobal
