
Microsoft Visual Studio Solution File, Format Version 12.00
# Visual Studio Version 16
VisualStudioVersion = 16.0.30621.155
MinimumVisualStudioVersion = 10.0.40219.1
Project("{FAE04EC0-301F-11D3-BF4B-00C04F79EFBC}") = "PoolPuzzle", "PoolPuzzle\PoolPuzzle.csproj", "{6E60D208-8557-4D00-B64D-3E54C363B6ED}"
EndProject
Global
	GlobalSection(SolutionConfigurationPlatforms) = preSolution
		Debug|Any CPU = Debug|Any CPU
		Release|Any CPU = Release|Any CPU
	EndGlobalSection
	GlobalSection(ProjectConfigurationPlatforms) = postSolution
		{6E60D208-8557-4D00-B64D-3E54C363B6ED}.Debug|Any CPU.ActiveCfg = Debug|Any CPU
		{6E60D208-8557-4D00-B64D-3E54C363B6ED}.Debug|Any CPU.Build.0 = Debug|Any CPU
		{6E60D208-8557-4D00-B64D-3E54C363B6ED}.Release|Any CPU.ActiveCfg = Release|Any CPU
		{6E60D208-8557-4D00-B64D-3E54C363B6ED}.Release|Any CPU.Build.0 = Release|Any CPU
	EndGlobalSection
	GlobalSection(SolutionProperties) = preSolution
		HideSolutionNode = FALSE
	EndGlobalSection
	GlobalSection(ExtensibilityGlobals) = postSolution
		SolutionGuid = {C83B6FB9-4BAA-413E-B5A3-A0F1A77D10E0}
	EndGlobalSection
EndGlobal
