
Microsoft Visual Studio Solution File, Format Version 12.00
# Visual Studio Version 16
VisualStudioVersion = 16.0.31025.194
MinimumVisualStudioVersion = 10.0.40219.1
Project("{FAE04EC0-301F-11D3-BF4B-00C04F79EFBC}") = "PoolPuzzle", "PoolPuzzle\PoolPuzzle.csproj", "{C1DE5BFF-58BB-43DF-A921-2BEF40BB6B4B}"
EndProject
Global
	GlobalSection(SolutionConfigurationPlatforms) = preSolution
		Debug|Any CPU = Debug|Any CPU
		Release|Any CPU = Release|Any CPU
	EndGlobalSection
	GlobalSection(ProjectConfigurationPlatforms) = postSolution
		{C1DE5BFF-58BB-43DF-A921-2BEF40BB6B4B}.Debug|Any CPU.ActiveCfg = Debug|Any CPU
		{C1DE5BFF-58BB-43DF-A921-2BEF40BB6B4B}.Debug|Any CPU.Build.0 = Debug|Any CPU
		{C1DE5BFF-58BB-43DF-A921-2BEF40BB6B4B}.Release|Any CPU.ActiveCfg = Release|Any CPU
		{C1DE5BFF-58BB-43DF-A921-2BEF40BB6B4B}.Release|Any CPU.Build.0 = Release|Any CPU
	EndGlobalSection
	GlobalSection(SolutionProperties) = preSolution
		HideSolutionNode = FALSE
	EndGlobalSection
	GlobalSection(ExtensibilityGlobals) = postSolution
		SolutionGuid = {AE6237DF-CDEF-447A-AF98-E6E543562B42}
	EndGlobalSection
EndGlobal
