
Microsoft Visual Studio Solution File, Format Version 12.00
# Visual Studio Version 16
VisualStudioVersion = 16.0.30621.155
MinimumVisualStudioVersion = 10.0.40219.1
Project("{FAE04EC0-301F-11D3-BF4B-00C04F79EFBC}") = "Bird", "Bird\Bird.csproj", "{66C9B3DD-125B-406F-94F9-6689282A6370}"
EndProject
Global
	GlobalSection(SolutionConfigurationPlatforms) = preSolution
		Debug|Any CPU = Debug|Any CPU
		Release|Any CPU = Release|Any CPU
	EndGlobalSection
	GlobalSection(ProjectConfigurationPlatforms) = postSolution
		{66C9B3DD-125B-406F-94F9-6689282A6370}.Debug|Any CPU.ActiveCfg = Debug|Any CPU
		{66C9B3DD-125B-406F-94F9-6689282A6370}.Debug|Any CPU.Build.0 = Debug|Any CPU
		{66C9B3DD-125B-406F-94F9-6689282A6370}.Release|Any CPU.ActiveCfg = Release|Any CPU
		{66C9B3DD-125B-406F-94F9-6689282A6370}.Release|Any CPU.Build.0 = Release|Any CPU
	EndGlobalSection
	GlobalSection(SolutionProperties) = preSolution
		HideSolutionNode = FALSE
	EndGlobalSection
	GlobalSection(ExtensibilityGlobals) = postSolution
		SolutionGuid = {328A5133-D51F-4FCA-81FB-DAB52BC527EF}
	EndGlobalSection
EndGlobal
