
Microsoft Visual Studio Solution File, Format Version 12.00
# Visual Studio Version 16
VisualStudioVersion = 25.0.1706.0
MinimumVisualStudioVersion = 10.0.40219.1
Project("{FAE04EC0-301F-11D3-BF4B-00C04F79EFBC}") = "BeehiveManagementSystemBlazor", "BeehiveManagementSystemBlazor\BeehiveManagementSystemBlazor.csproj", "{27C86BE0-436D-445C-B002-329F742B5B76}"
EndProject
Global
	GlobalSection(SolutionConfigurationPlatforms) = preSolution
		Debug|Any CPU = Debug|Any CPU
		Release|Any CPU = Release|Any CPU
	EndGlobalSection
	GlobalSection(ProjectConfigurationPlatforms) = postSolution
		{27C86BE0-436D-445C-B002-329F742B5B76}.Debug|Any CPU.ActiveCfg = Debug|Any CPU
		{27C86BE0-436D-445C-B002-329F742B5B76}.Debug|Any CPU.Build.0 = Debug|Any CPU
		{27C86BE0-436D-445C-B002-329F742B5B76}.Release|Any CPU.ActiveCfg = Release|Any CPU
		{27C86BE0-436D-445C-B002-329F742B5B76}.Release|Any CPU.Build.0 = Release|Any CPU
	EndGlobalSection
	GlobalSection(SolutionProperties) = preSolution
		HideSolutionNode = FALSE
	EndGlobalSection
	GlobalSection(ExtensibilityGlobals) = postSolution
		SolutionGuid = {15C555FE-37FF-4BCE-AA8D-E96CC6BF7684}
	EndGlobalSection
EndGlobal
