
Microsoft Visual Studio Solution File, Format Version 12.00
# Visual Studio Version 16
VisualStudioVersion = 16.0.30621.155
MinimumVisualStudioVersion = 10.0.40219.1
Project("{FAE04EC0-301F-11D3-BF4B-00C04F79EFBC}") = "NullReference", "NullReference\NullReference.csproj", "{A79BD299-F2CE-4BFC-87E5-43159AF7699B}"
EndProject
Global
	GlobalSection(SolutionConfigurationPlatforms) = preSolution
		Debug|Any CPU = Debug|Any CPU
		Release|Any CPU = Release|Any CPU
	EndGlobalSection
	GlobalSection(ProjectConfigurationPlatforms) = postSolution
		{A79BD299-F2CE-4BFC-87E5-43159AF7699B}.Debug|Any CPU.ActiveCfg = Debug|Any CPU
		{A79BD299-F2CE-4BFC-87E5-43159AF7699B}.Debug|Any CPU.Build.0 = Debug|Any CPU
		{A79BD299-F2CE-4BFC-87E5-43159AF7699B}.Release|Any CPU.ActiveCfg = Release|Any CPU
		{A79BD299-F2CE-4BFC-87E5-43159AF7699B}.Release|Any CPU.Build.0 = Release|Any CPU
	EndGlobalSection
	GlobalSection(SolutionProperties) = preSolution
		HideSolutionNode = FALSE
	EndGlobalSection
	GlobalSection(ExtensibilityGlobals) = postSolution
		SolutionGuid = {1908DDE7-3A6B-4807-80A2-CBD68F44969D}
	EndGlobalSection
EndGlobal
