
Microsoft Visual Studio Solution File, Format Version 12.00
# Visual Studio Version 16
VisualStudioVersion = 16.0.30621.155
MinimumVisualStudioVersion = 10.0.40219.1
Project("{FAE04EC0-301F-11D3-BF4B-00C04F79EFBC}") = "StreamWriterMagnets", "StreamWriterMagnets\StreamWriterMagnets.csproj", "{0BBF8079-7B7D-4508-9E4A-17164841CDEC}"
EndProject
Global
	GlobalSection(SolutionConfigurationPlatforms) = preSolution
		Debug|Any CPU = Debug|Any CPU
		Release|Any CPU = Release|Any CPU
	EndGlobalSection
	GlobalSection(ProjectConfigurationPlatforms) = postSolution
		{0BBF8079-7B7D-4508-9E4A-17164841CDEC}.Debug|Any CPU.ActiveCfg = Debug|Any CPU
		{0BBF8079-7B7D-4508-9E4A-17164841CDEC}.Debug|Any CPU.Build.0 = Debug|Any CPU
		{0BBF8079-7B7D-4508-9E4A-17164841CDEC}.Release|Any CPU.ActiveCfg = Release|Any CPU
		{0BBF8079-7B7D-4508-9E4A-17164841CDEC}.Release|Any CPU.Build.0 = Release|Any CPU
	EndGlobalSection
	GlobalSection(SolutionProperties) = preSolution
		HideSolutionNode = FALSE
	EndGlobalSection
	GlobalSection(ExtensibilityGlobals) = postSolution
		SolutionGuid = {19978156-9FE4-45F4-B79B-19E9D8294F2B}
	EndGlobalSection
EndGlobal
