
Microsoft Visual Studio Solution File, Format Version 12.00
# Visual Studio Version 16
VisualStudioVersion = 16.0.30621.155
MinimumVisualStudioVersion = 10.0.40219.1
Project("{FAE04EC0-301F-11D3-BF4B-00C04F79EFBC}") = "PickRandomCards", "PickRandomCards\PickRandomCards.csproj", "{EEF50CE3-0D22-44E8-9392-550E80DB5CDF}"
EndProject
Global
	GlobalSection(SolutionConfigurationPlatforms) = preSolution
		Debug|Any CPU = Debug|Any CPU
		Release|Any CPU = Release|Any CPU
	EndGlobalSection
	GlobalSection(ProjectConfigurationPlatforms) = postSolution
		{EEF50CE3-0D22-44E8-9392-550E80DB5CDF}.Debug|Any CPU.ActiveCfg = Debug|Any CPU
		{EEF50CE3-0D22-44E8-9392-550E80DB5CDF}.Debug|Any CPU.Build.0 = Debug|Any CPU
		{EEF50CE3-0D22-44E8-9392-550E80DB5CDF}.Release|Any CPU.ActiveCfg = Release|Any CPU
		{EEF50CE3-0D22-44E8-9392-550E80DB5CDF}.Release|Any CPU.Build.0 = Release|Any CPU
	EndGlobalSection
	GlobalSection(SolutionProperties) = preSolution
		HideSolutionNode = FALSE
	EndGlobalSection
	GlobalSection(ExtensibilityGlobals) = postSolution
		SolutionGuid = {721AC06F-78CF-467C-8ED6-B058CEDB3577}
	EndGlobalSection
EndGlobal
