
Microsoft Visual Studio Solution File, Format Version 12.00
# Visual Studio Version 16
VisualStudioVersion = 16.0.30621.155
MinimumVisualStudioVersion = 10.0.40219.1
Project("{FAE04EC0-301F-11D3-BF4B-00C04F79EFBC}") = "SharpenYourPencil_2", "SharpenYourPencil_2\SharpenYourPencil_2.csproj", "{100D7770-41CD-4E9A-86C9-0D98030B1D87}"
EndProject
Global
	GlobalSection(SolutionConfigurationPlatforms) = preSolution
		Debug|Any CPU = Debug|Any CPU
		Release|Any CPU = Release|Any CPU
	EndGlobalSection
	GlobalSection(ProjectConfigurationPlatforms) = postSolution
		{100D7770-41CD-4E9A-86C9-0D98030B1D87}.Debug|Any CPU.ActiveCfg = Debug|Any CPU
		{100D7770-41CD-4E9A-86C9-0D98030B1D87}.Debug|Any CPU.Build.0 = Debug|Any CPU
		{100D7770-41CD-4E9A-86C9-0D98030B1D87}.Release|Any CPU.ActiveCfg = Release|Any CPU
		{100D7770-41CD-4E9A-86C9-0D98030B1D87}.Release|Any CPU.Build.0 = Release|Any CPU
	EndGlobalSection
	GlobalSection(SolutionProperties) = preSolution
		HideSolutionNode = FALSE
	EndGlobalSection
	GlobalSection(ExtensibilityGlobals) = postSolution
		SolutionGuid = {72AE2141-1E32-43BC-B225-5F57080389F4}
	EndGlobalSection
EndGlobal
