
Microsoft Visual Studio Solution File, Format Version 12.00
# Visual Studio Version 16
VisualStudioVersion = 16.0.30621.155
MinimumVisualStudioVersion = 10.0.40219.1
Project("{FAE04EC0-301F-11D3-BF4B-00C04F79EFBC}") = "SwordDamage_WPF_Part_2", "SwordDamage_WPF_Part_2\SwordDamage_WPF_Part_2.csproj", "{40D2131A-32EE-4512-B2AB-202790D1FB70}"
EndProject
Global
	GlobalSection(SolutionConfigurationPlatforms) = preSolution
		Debug|Any CPU = Debug|Any CPU
		Release|Any CPU = Release|Any CPU
	EndGlobalSection
	GlobalSection(ProjectConfigurationPlatforms) = postSolution
		{40D2131A-32EE-4512-B2AB-202790D1FB70}.Debug|Any CPU.ActiveCfg = Debug|Any CPU
		{40D2131A-32EE-4512-B2AB-202790D1FB70}.Debug|Any CPU.Build.0 = Debug|Any CPU
		{40D2131A-32EE-4512-B2AB-202790D1FB70}.Release|Any CPU.ActiveCfg = Release|Any CPU
		{40D2131A-32EE-4512-B2AB-202790D1FB70}.Release|Any CPU.Build.0 = Release|Any CPU
	EndGlobalSection
	GlobalSection(SolutionProperties) = preSolution
		HideSolutionNode = FALSE
	EndGlobalSection
	GlobalSection(ExtensibilityGlobals) = postSolution
		SolutionGuid = {864C204F-7771-4990-AAF9-7C87BB994650}
	EndGlobalSection
EndGlobal
