
Microsoft Visual Studio Solution File, Format Version 12.00
# Visual Studio Version 16
VisualStudioVersion = 16.0.30621.155
MinimumVisualStudioVersion = 10.0.40219.1
Project("{FAE04EC0-301F-11D3-BF4B-00C04F79EFBC}") = "WeaponDamage_Part_1", "WeaponDamage_Part_1\WeaponDamage_Part_1.csproj", "{BE2C743D-920A-438B-B63F-8DE79297818D}"
EndProject
Global
	GlobalSection(SolutionConfigurationPlatforms) = preSolution
		Debug|Any CPU = Debug|Any CPU
		Release|Any CPU = Release|Any CPU
	EndGlobalSection
	GlobalSection(ProjectConfigurationPlatforms) = postSolution
		{BE2C743D-920A-438B-B63F-8DE79297818D}.Debug|Any CPU.ActiveCfg = Debug|Any CPU
		{BE2C743D-920A-438B-B63F-8DE79297818D}.Debug|Any CPU.Build.0 = Debug|Any CPU
		{BE2C743D-920A-438B-B63F-8DE79297818D}.Release|Any CPU.ActiveCfg = Release|Any CPU
		{BE2C743D-920A-438B-B63F-8DE79297818D}.Release|Any CPU.Build.0 = Release|Any CPU
	EndGlobalSection
	GlobalSection(SolutionProperties) = preSolution
		HideSolutionNode = FALSE
	EndGlobalSection
	GlobalSection(ExtensibilityGlobals) = postSolution
		SolutionGuid = {9ED25E93-E324-4048-841B-09D1837E7A6B}
	EndGlobalSection
EndGlobal
