
Microsoft Visual Studio Solution File, Format Version 12.00
# Visual Studio Version 16
VisualStudioVersion = 16.0.30621.155
MinimumVisualStudioVersion = 10.0.40219.1
Project("{FAE04EC0-301F-11D3-BF4B-00C04F79EFBC}") = "ClownWithLambdas", "ClownWithLambdas\ClownWithLambdas.csproj", "{A26C0977-436C-437D-947F-EFD78CA32318}"
EndProject
Global
	GlobalSection(SolutionConfigurationPlatforms) = preSolution
		Debug|Any CPU = Debug|Any CPU
		Release|Any CPU = Release|Any CPU
	EndGlobalSection
	GlobalSection(ProjectConfigurationPlatforms) = postSolution
		{A26C0977-436C-437D-947F-EFD78CA32318}.Debug|Any CPU.ActiveCfg = Debug|Any CPU
		{A26C0977-436C-437D-947F-EFD78CA32318}.Debug|Any CPU.Build.0 = Debug|Any CPU
		{A26C0977-436C-437D-947F-EFD78CA32318}.Release|Any CPU.ActiveCfg = Release|Any CPU
		{A26C0977-436C-437D-947F-EFD78CA32318}.Release|Any CPU.Build.0 = Release|Any CPU
	EndGlobalSection
	GlobalSection(SolutionProperties) = preSolution
		HideSolutionNode = FALSE
	EndGlobalSection
	GlobalSection(ExtensibilityGlobals) = postSolution
		SolutionGuid = {84F219D5-6948-4111-BF1C-6984DF014A06}
	EndGlobalSection
EndGlobal
