
Microsoft Visual Studio Solution File, Format Version 12.00
# Visual Studio Version 16
VisualStudioVersion = 16.0.30621.155
MinimumVisualStudioVersion = 10.0.40219.1
Project("{FAE04EC0-301F-11D3-BF4B-00C04F79EFBC}") = "ExtensionMagnets", "ExtensionMagnets\ExtensionMagnets.csproj", "{27F2E6DE-459F-4835-994C-FD799C6E53AF}"
EndProject
Global
	GlobalSection(SolutionConfigurationPlatforms) = preSolution
		Debug|Any CPU = Debug|Any CPU
		Release|Any CPU = Release|Any CPU
	EndGlobalSection
	GlobalSection(ProjectConfigurationPlatforms) = postSolution
		{27F2E6DE-459F-4835-994C-FD799C6E53AF}.Debug|Any CPU.ActiveCfg = Debug|Any CPU
		{27F2E6DE-459F-4835-994C-FD799C6E53AF}.Debug|Any CPU.Build.0 = Debug|Any CPU
		{27F2E6DE-459F-4835-994C-FD799C6E53AF}.Release|Any CPU.ActiveCfg = Release|Any CPU
		{27F2E6DE-459F-4835-994C-FD799C6E53AF}.Release|Any CPU.Build.0 = Release|Any CPU
	EndGlobalSection
	GlobalSection(SolutionProperties) = preSolution
		HideSolutionNode = FALSE
	EndGlobalSection
	GlobalSection(ExtensibilityGlobals) = postSolution
		SolutionGuid = {5872A5B6-76CF-4A98-903D-DF6592CC32D1}
	EndGlobalSection
EndGlobal
