
Microsoft Visual Studio Solution File, Format Version 12.00
# Visual Studio Version 16
VisualStudioVersion = 16.0.30516.212
MinimumVisualStudioVersion = 10.0.40219.1
Project("{FAE04EC0-301F-11D3-BF4B-00C04F79EFBC}") = "ExperimentWithControlsBlazor", "ExperimentWithControlsBlazor\ExperimentWithControlsBlazor.csproj", "{6E7B3D84-C3D8-4627-9806-808D887A75F4}"
EndProject
Global
	GlobalSection(SolutionConfigurationPlatforms) = preSolution
		Debug|Any CPU = Debug|Any CPU
		Release|Any CPU = Release|Any CPU
	EndGlobalSection
	GlobalSection(ProjectConfigurationPlatforms) = postSolution
		{6E7B3D84-C3D8-4627-9806-808D887A75F4}.Debug|Any CPU.ActiveCfg = Debug|Any CPU
		{6E7B3D84-C3D8-4627-9806-808D887A75F4}.Debug|Any CPU.Build.0 = Debug|Any CPU
		{6E7B3D84-C3D8-4627-9806-808D887A75F4}.Release|Any CPU.ActiveCfg = Release|Any CPU
		{6E7B3D84-C3D8-4627-9806-808D887A75F4}.Release|Any CPU.Build.0 = Release|Any CPU
	EndGlobalSection
	GlobalSection(SolutionProperties) = preSolution
		HideSolutionNode = FALSE
	EndGlobalSection
	GlobalSection(ExtensibilityGlobals) = postSolution
		SolutionGuid = {F4BE30A2-0BD0-41AB-B926-54A04C83EAB5}
	EndGlobalSection
EndGlobal
