
Microsoft Visual Studio Solution File, Format Version 12.00
# Visual Studio Version 16
VisualStudioVersion = 16.0.30621.155
MinimumVisualStudioVersion = 10.0.40219.1
Project("{FAE04EC0-301F-11D3-BF4B-00C04F79EFBC}") = "LinqIsVersatile", "LinqIsVersatile\LinqIsVersatile.csproj", "{5C3BCF2D-98DC-4A41-BBC8-2A833313179F}"
EndProject
Global
	GlobalSection(SolutionConfigurationPlatforms) = preSolution
		Debug|Any CPU = Debug|Any CPU
		Release|Any CPU = Release|Any CPU
	EndGlobalSection
	GlobalSection(ProjectConfigurationPlatforms) = postSolution
		{5C3BCF2D-98DC-4A41-BBC8-2A833313179F}.Debug|Any CPU.ActiveCfg = Debug|Any CPU
		{5C3BCF2D-98DC-4A41-BBC8-2A833313179F}.Debug|Any CPU.Build.0 = Debug|Any CPU
		{5C3BCF2D-98DC-4A41-BBC8-2A833313179F}.Release|Any CPU.ActiveCfg = Release|Any CPU
		{5C3BCF2D-98DC-4A41-BBC8-2A833313179F}.Release|Any CPU.Build.0 = Release|Any CPU
	EndGlobalSection
	GlobalSection(SolutionProperties) = preSolution
		HideSolutionNode = FALSE
	EndGlobalSection
	GlobalSection(ExtensibilityGlobals) = postSolution
		SolutionGuid = {F6AB3274-9063-47BC-A8D5-38117309C491}
	EndGlobalSection
EndGlobal
