
Microsoft Visual Studio Solution File, Format Version 12.00
# Visual Studio Version 16
VisualStudioVersion = 16.0.30621.155
MinimumVisualStudioVersion = 10.0.40219.1
Project("{FAE04EC0-301F-11D3-BF4B-00C04F79EFBC}") = "JoeBobAndAlice", "JoeBobAndAlice\JoeBobAndAlice.csproj", "{6B86691A-7DCC-4797-9666-E40FB83FFA06}"
EndProject
Global
	GlobalSection(SolutionConfigurationPlatforms) = preSolution
		Debug|Any CPU = Debug|Any CPU
		Release|Any CPU = Release|Any CPU
	EndGlobalSection
	GlobalSection(ProjectConfigurationPlatforms) = postSolution
		{6B86691A-7DCC-4797-9666-E40FB83FFA06}.Debug|Any CPU.ActiveCfg = Debug|Any CPU
		{6B86691A-7DCC-4797-9666-E40FB83FFA06}.Debug|Any CPU.Build.0 = Debug|Any CPU
		{6B86691A-7DCC-4797-9666-E40FB83FFA06}.Release|Any CPU.ActiveCfg = Release|Any CPU
		{6B86691A-7DCC-4797-9666-E40FB83FFA06}.Release|Any CPU.Build.0 = Release|Any CPU
	EndGlobalSection
	GlobalSection(SolutionProperties) = preSolution
		HideSolutionNode = FALSE
	EndGlobalSection
	GlobalSection(ExtensibilityGlobals) = postSolution
		SolutionGuid = {37924E56-2787-4F36-89CA-50F332AEF2CB}
	EndGlobalSection
EndGlobal
