
Microsoft Visual Studio Solution File, Format Version 12.00
# Visual Studio Version 16
VisualStudioVersion = 16.0.30621.155
MinimumVisualStudioVersion = 10.0.40219.1
Project("{FAE04EC0-301F-11D3-BF4B-00C04F79EFBC}") = "HexDump", "HexDump\HexDump.csproj", "{A0FC6D27-C7B6-4605-8447-781D59CE126D}"
EndProject
Global
	GlobalSection(SolutionConfigurationPlatforms) = preSolution
		Debug|Any CPU = Debug|Any CPU
		Release|Any CPU = Release|Any CPU
	EndGlobalSection
	GlobalSection(ProjectConfigurationPlatforms) = postSolution
		{A0FC6D27-C7B6-4605-8447-781D59CE126D}.Debug|Any CPU.ActiveCfg = Debug|Any CPU
		{A0FC6D27-C7B6-4605-8447-781D59CE126D}.Debug|Any CPU.Build.0 = Debug|Any CPU
		{A0FC6D27-C7B6-4605-8447-781D59CE126D}.Release|Any CPU.ActiveCfg = Release|Any CPU
		{A0FC6D27-C7B6-4605-8447-781D59CE126D}.Release|Any CPU.Build.0 = Release|Any CPU
	EndGlobalSection
	GlobalSection(SolutionProperties) = preSolution
		HideSolutionNode = FALSE
	EndGlobalSection
	GlobalSection(ExtensibilityGlobals) = postSolution
		SolutionGuid = {619C1597-BB7E-475E-B2E9-CC4EDA437C17}
	EndGlobalSection
EndGlobal
