
Microsoft Visual Studio Solution File, Format Version 12.00
# Visual Studio Version 16
VisualStudioVersion = 16.0.30621.155
MinimumVisualStudioVersion = 10.0.40219.1
Project("{FAE04EC0-301F-11D3-BF4B-00C04F79EFBC}") = "Shoes", "Shoes\Shoes.csproj", "{83DB5399-85CE-4A58-8985-1376A4912D40}"
EndProject
Global
	GlobalSection(SolutionConfigurationPlatforms) = preSolution
		Debug|Any CPU = Debug|Any CPU
		Release|Any CPU = Release|Any CPU
	EndGlobalSection
	GlobalSection(ProjectConfigurationPlatforms) = postSolution
		{83DB5399-85CE-4A58-8985-1376A4912D40}.Debug|Any CPU.ActiveCfg = Debug|Any CPU
		{83DB5399-85CE-4A58-8985-1376A4912D40}.Debug|Any CPU.Build.0 = Debug|Any CPU
		{83DB5399-85CE-4A58-8985-1376A4912D40}.Release|Any CPU.ActiveCfg = Release|Any CPU
		{83DB5399-85CE-4A58-8985-1376A4912D40}.Release|Any CPU.Build.0 = Release|Any CPU
	EndGlobalSection
	GlobalSection(SolutionProperties) = preSolution
		HideSolutionNode = FALSE
	EndGlobalSection
	GlobalSection(ExtensibilityGlobals) = postSolution
		SolutionGuid = {4089D054-6DCB-4334-B143-48A8072DF35B}
	EndGlobalSection
EndGlobal
