
Microsoft Visual Studio Solution File, Format Version 12.00
# Visual Studio Version 16
VisualStudioVersion = 16.0.30621.155
MinimumVisualStudioVersion = 10.0.40219.1
Project("{FAE04EC0-301F-11D3-BF4B-00C04F79EFBC}") = "UseAMemoryStream", "UseAMemoryStream\UseAMemoryStream.csproj", "{2BC80D33-3CAD-4A26-B230-1E6AFA6EB2FB}"
EndProject
Global
	GlobalSection(SolutionConfigurationPlatforms) = preSolution
		Debug|Any CPU = Debug|Any CPU
		Release|Any CPU = Release|Any CPU
	EndGlobalSection
	GlobalSection(ProjectConfigurationPlatforms) = postSolution
		{2BC80D33-3CAD-4A26-B230-1E6AFA6EB2FB}.Debug|Any CPU.ActiveCfg = Debug|Any CPU
		{2BC80D33-3CAD-4A26-B230-1E6AFA6EB2FB}.Debug|Any CPU.Build.0 = Debug|Any CPU
		{2BC80D33-3CAD-4A26-B230-1E6AFA6EB2FB}.Release|Any CPU.ActiveCfg = Release|Any CPU
		{2BC80D33-3CAD-4A26-B230-1E6AFA6EB2FB}.Release|Any CPU.Build.0 = Release|Any CPU
	EndGlobalSection
	GlobalSection(SolutionProperties) = preSolution
		HideSolutionNode = FALSE
	EndGlobalSection
	GlobalSection(ExtensibilityGlobals) = postSolution
		SolutionGuid = {7BAE420E-40B1-4566-B0DC-8F403DAED33E}
	EndGlobalSection
EndGlobal
