
Microsoft Visual Studio Solution File, Format Version 12.00
# Visual Studio Version 16
VisualStudioVersion = 16.0.30621.155
MinimumVisualStudioVersion = 10.0.40219.1
Project("{FAE04EC0-301F-11D3-BF4B-00C04F79EFBC}") = "ExtendingString", "ExtendingString\ExtendingString.csproj", "{B76639D1-4F11-4C6D-A13C-1789D8EBBEF3}"
EndProject
Global
	GlobalSection(SolutionConfigurationPlatforms) = preSolution
		Debug|Any CPU = Debug|Any CPU
		Release|Any CPU = Release|Any CPU
	EndGlobalSection
	GlobalSection(ProjectConfigurationPlatforms) = postSolution
		{B76639D1-4F11-4C6D-A13C-1789D8EBBEF3}.Debug|Any CPU.ActiveCfg = Debug|Any CPU
		{B76639D1-4F11-4C6D-A13C-1789D8EBBEF3}.Debug|Any CPU.Build.0 = Debug|Any CPU
		{B76639D1-4F11-4C6D-A13C-1789D8EBBEF3}.Release|Any CPU.ActiveCfg = Release|Any CPU
		{B76639D1-4F11-4C6D-A13C-1789D8EBBEF3}.Release|Any CPU.Build.0 = Release|Any CPU
	EndGlobalSection
	GlobalSection(SolutionProperties) = preSolution
		HideSolutionNode = FALSE
	EndGlobalSection
	GlobalSection(ExtensibilityGlobals) = postSolution
		SolutionGuid = {3418C979-5E53-441C-B821-0D4E045DF2B4}
	EndGlobalSection
EndGlobal
