
Microsoft Visual Studio Solution File, Format Version 12.00
# Visual Studio Version 16
VisualStudioVersion = 16.0.30621.155
MinimumVisualStudioVersion = 10.0.40219.1
Project("{FAE04EC0-301F-11D3-BF4B-00C04F79EFBC}") = "LinqQuerySyntax", "LinqQuerySyntax\LinqQuerySyntax.csproj", "{9C278012-5F3C-4993-B390-4D8228C3C176}"
EndProject
Global
	GlobalSection(SolutionConfigurationPlatforms) = preSolution
		Debug|Any CPU = Debug|Any CPU
		Release|Any CPU = Release|Any CPU
	EndGlobalSection
	GlobalSection(ProjectConfigurationPlatforms) = postSolution
		{9C278012-5F3C-4993-B390-4D8228C3C176}.Debug|Any CPU.ActiveCfg = Debug|Any CPU
		{9C278012-5F3C-4993-B390-4D8228C3C176}.Debug|Any CPU.Build.0 = Debug|Any CPU
		{9C278012-5F3C-4993-B390-4D8228C3C176}.Release|Any CPU.ActiveCfg = Release|Any CPU
		{9C278012-5F3C-4993-B390-4D8228C3C176}.Release|Any CPU.Build.0 = Release|Any CPU
	EndGlobalSection
	GlobalSection(SolutionProperties) = preSolution
		HideSolutionNode = FALSE
	EndGlobalSection
	GlobalSection(ExtensibilityGlobals) = postSolution
		SolutionGuid = {8B4AD73F-BE43-4934-93F8-B76EC5B02B40}
	EndGlobalSection
EndGlobal
