
Microsoft Visual Studio Solution File, Format Version 12.00
# Visual Studio Version 16
VisualStudioVersion = 16.0.30621.155
MinimumVisualStudioVersion = 10.0.40219.1
Project("{FAE04EC0-301F-11D3-BF4B-00C04F79EFBC}") = "StackAndQueue2", "StackAndQueue2\StackAndQueue2.csproj", "{12DEF0D5-028A-4FFB-B701-9B85B7BF9A8B}"
EndProject
Global
	GlobalSection(SolutionConfigurationPlatforms) = preSolution
		Debug|Any CPU = Debug|Any CPU
		Release|Any CPU = Release|Any CPU
	EndGlobalSection
	GlobalSection(ProjectConfigurationPlatforms) = postSolution
		{12DEF0D5-028A-4FFB-B701-9B85B7BF9A8B}.Debug|Any CPU.ActiveCfg = Debug|Any CPU
		{12DEF0D5-028A-4FFB-B701-9B85B7BF9A8B}.Debug|Any CPU.Build.0 = Debug|Any CPU
		{12DEF0D5-028A-4FFB-B701-9B85B7BF9A8B}.Release|Any CPU.ActiveCfg = Release|Any CPU
		{12DEF0D5-028A-4FFB-B701-9B85B7BF9A8B}.Release|Any CPU.Build.0 = Release|Any CPU
	EndGlobalSection
	GlobalSection(SolutionProperties) = preSolution
		HideSolutionNode = FALSE
	EndGlobalSection
	GlobalSection(ExtensibilityGlobals) = postSolution
		SolutionGuid = {C5596C72-0DB2-44ED-8F5E-82B2821E7A62}
	EndGlobalSection
EndGlobal
