
Microsoft Visual Studio Solution File, Format Version 12.00
# Visual Studio Version 16
VisualStudioVersion = 16.0.30621.155
MinimumVisualStudioVersion = 10.0.40219.1
Project("{FAE04EC0-301F-11D3-BF4B-00C04F79EFBC}") = "JumbledCards", "JumbledCards\JumbledCards.csproj", "{C69EEA93-9204-4630-A4D4-875A2AD6E743}"
EndProject
Global
	GlobalSection(SolutionConfigurationPlatforms) = preSolution
		Debug|Any CPU = Debug|Any CPU
		Release|Any CPU = Release|Any CPU
	EndGlobalSection
	GlobalSection(ProjectConfigurationPlatforms) = postSolution
		{C69EEA93-9204-4630-A4D4-875A2AD6E743}.Debug|Any CPU.ActiveCfg = Debug|Any CPU
		{C69EEA93-9204-4630-A4D4-875A2AD6E743}.Debug|Any CPU.Build.0 = Debug|Any CPU
		{C69EEA93-9204-4630-A4D4-875A2AD6E743}.Release|Any CPU.ActiveCfg = Release|Any CPU
		{C69EEA93-9204-4630-A4D4-875A2AD6E743}.Release|Any CPU.Build.0 = Release|Any CPU
	EndGlobalSection
	GlobalSection(SolutionProperties) = preSolution
		HideSolutionNode = FALSE
	EndGlobalSection
	GlobalSection(ExtensibilityGlobals) = postSolution
		SolutionGuid = {5CDF5EE3-134E-431D-8941-B498F594546F}
	EndGlobalSection
EndGlobal
