
Microsoft Visual Studio Solution File, Format Version 12.00
# Visual Studio Version 16
VisualStudioVersion = 16.0.30621.155
MinimumVisualStudioVersion = 10.0.40219.1
Project("{FAE04EC0-301F-11D3-BF4B-00C04F79EFBC}") = "JimmyLinq", "JimmyLinq\JimmyLinq.csproj", "{5A72DEFD-6B4F-41E0-AD51-133E5196A5E9}"
EndProject
Project("{FAE04EC0-301F-11D3-BF4B-00C04F79EFBC}") = "JimmyLinqUnitTests", "JimmyLinqUnitTests\JimmyLinqUnitTests.csproj", "{38058814-2F99-4D85-AFD0-E4131792E7FD}"
EndProject
Global
	GlobalSection(SolutionConfigurationPlatforms) = preSolution
		Debug|Any CPU = Debug|Any CPU
		Release|Any CPU = Release|Any CPU
	EndGlobalSection
	GlobalSection(ProjectConfigurationPlatforms) = postSolution
		{5A72DEFD-6B4F-41E0-AD51-133E5196A5E9}.Debug|Any CPU.ActiveCfg = Debug|Any CPU
		{5A72DEFD-6B4F-41E0-AD51-133E5196A5E9}.Debug|Any CPU.Build.0 = Debug|Any CPU
		{5A72DEFD-6B4F-41E0-AD51-133E5196A5E9}.Release|Any CPU.ActiveCfg = Release|Any CPU
		{5A72DEFD-6B4F-41E0-AD51-133E5196A5E9}.Release|Any CPU.Build.0 = Release|Any CPU
		{38058814-2F99-4D85-AFD0-E4131792E7FD}.Debug|Any CPU.ActiveCfg = Debug|Any CPU
		{38058814-2F99-4D85-AFD0-E4131792E7FD}.Debug|Any CPU.Build.0 = Debug|Any CPU
		{38058814-2F99-4D85-AFD0-E4131792E7FD}.Release|Any CPU.ActiveCfg = Release|Any CPU
		{38058814-2F99-4D85-AFD0-E4131792E7FD}.Release|Any CPU.Build.0 = Release|Any CPU
	EndGlobalSection
	GlobalSection(SolutionProperties) = preSolution
		HideSolutionNode = FALSE
	EndGlobalSection
	GlobalSection(ExtensibilityGlobals) = postSolution
		SolutionGuid = {55072C67-B00D-4FAC-B9C7-8C6816B0D790}
	EndGlobalSection
EndGlobal
